
Microsoft Visual Studio Solution File, Format Version 12.00
# Visual Studio 2013
VisualStudioVersion = 12.0.31101.0
MinimumVisualStudioVersion = 10.0.40219.1
Project("{FAE04EC0-301F-11D3-BF4B-00C04F79EFBC}") = "SkyMoon", "SkyMoon\SkyMoon\SkyMoon.csproj", "{F27DFE69-9318-42A3-BAC9-22CDD70E6D14}"
EndProject
Project("{FAE04EC0-301F-11D3-BF4B-00C04F79EFBC}") = "SkyMoon.iOS", "SkyMoon\SkyMoon.iOS\SkyMoon.iOS.csproj", "{BB943291-51AC-4CD6-9D4B-308B236CD116}"
EndProject
Project("{FAE04EC0-301F-11D3-BF4B-00C04F79EFBC}") = "SkyMoon.Droid", "SkyMoon\SkyMoon.Droid\SkyMoon.Droid.csproj", "{0C4E9ECA-6812-429F-8A4B-D2D9BB86FB65}"
EndProject
Project("{FAE04EC0-301F-11D3-BF4B-00C04F79EFBC}") = "SkyMoon.WinPhone", "SkyMoon\SkyMoon.WinPhone\SkyMoon.WinPhone.csproj", "{6C9D2E52-A091-413F-B550-CD7E07F62232}"
EndProject
Project("{2150E333-8FDC-42A3-9474-1A3956D46DE8}") = ".nuget", ".nuget", "{BDD49B21-D733-419B-9187-BF167063CD33}"
	ProjectSection(SolutionItems) = preProject
		.nuget\NuGet.Config = .nuget\NuGet.Config
		.nuget\NuGet.exe = .nuget\NuGet.exe
		.nuget\NuGet.targets = .nuget\NuGet.targets
	EndProjectSection
EndProject
Global
	GlobalSection(SolutionConfigurationPlatforms) = preSolution
		Ad-Hoc|Any CPU = Ad-Hoc|Any CPU
		Ad-Hoc|ARM = Ad-Hoc|ARM
		Ad-Hoc|iPhone = Ad-Hoc|iPhone
		Ad-Hoc|iPhoneSimulator = Ad-Hoc|iPhoneSimulator
		Ad-Hoc|Mixed Platforms = Ad-Hoc|Mixed Platforms
		Ad-Hoc|x86 = Ad-Hoc|x86
		AppStore|Any CPU = AppStore|Any CPU
		AppStore|ARM = AppStore|ARM
		AppStore|iPhone = AppStore|iPhone
		AppStore|iPhoneSimulator = AppStore|iPhoneSimulator
		AppStore|Mixed Platforms = AppStore|Mixed Platforms
		AppStore|x86 = AppStore|x86
		Debug|Any CPU = Debug|Any CPU
		Debug|ARM = Debug|ARM
		Debug|iPhone = Debug|iPhone
		Debug|iPhoneSimulator = Debug|iPhoneSimulator
		Debug|Mixed Platforms = Debug|Mixed Platforms
		Debug|x86 = Debug|x86
		Release|Any CPU = Release|Any CPU
		Release|ARM = Release|ARM
		Release|iPhone = Release|iPhone
		Release|iPhoneSimulator = Release|iPhoneSimulator
		Release|Mixed Platforms = Release|Mixed Platforms
		Release|x86 = Release|x86
	EndGlobalSection
	GlobalSection(ProjectConfigurationPlatforms) = postSolution
		{F27DFE69-9318-42A3-BAC9-22CDD70E6D14}.Ad-Hoc|Any CPU.ActiveCfg = Release|Any CPU
		{F27DFE69-9318-42A3-BAC9-22CDD70E6D14}.Ad-Hoc|Any CPU.Build.0 = Release|Any CPU
		{F27DFE69-9318-42A3-BAC9-22CDD70E6D14}.Ad-Hoc|ARM.ActiveCfg = Release|Any CPU
		{F27DFE69-9318-42A3-BAC9-22CDD70E6D14}.Ad-Hoc|iPhone.ActiveCfg = Release|Any CPU
		{F27DFE69-9318-42A3-BAC9-22CDD70E6D14}.Ad-Hoc|iPhoneSimulator.ActiveCfg = Release|Any CPU
		{F27DFE69-9318-42A3-BAC9-22CDD70E6D14}.Ad-Hoc|Mixed Platforms.ActiveCfg = Release|Any CPU
		{F27DFE69-9318-42A3-BAC9-22CDD70E6D14}.Ad-Hoc|Mixed Platforms.Build.0 = Release|Any CPU
		{F27DFE69-9318-42A3-BAC9-22CDD70E6D14}.Ad-Hoc|x86.ActiveCfg = Release|Any CPU
		{F27DFE69-9318-42A3-BAC9-22CDD70E6D14}.AppStore|Any CPU.ActiveCfg = Release|Any CPU
		{F27DFE69-9318-42A3-BAC9-22CDD70E6D14}.AppStore|Any CPU.Build.0 = Release|Any CPU
		{F27DFE69-9318-42A3-BAC9-22CDD70E6D14}.AppStore|ARM.ActiveCfg = Release|Any CPU
		{F27DFE69-9318-42A3-BAC9-22CDD70E6D14}.AppStore|iPhone.ActiveCfg = Release|Any CPU
		{F27DFE69-9318-42A3-BAC9-22CDD70E6D14}.AppStore|iPhoneSimulator.ActiveCfg = Release|Any CPU
		{F27DFE69-9318-42A3-BAC9-22CDD70E6D14}.AppStore|Mixed Platforms.ActiveCfg = Release|Any CPU
		{F27DFE69-9318-42A3-BAC9-22CDD70E6D14}.AppStore|Mixed Platforms.Build.0 = Release|Any CPU
		{F27DFE69-9318-42A3-BAC9-22CDD70E6D14}.AppStore|x86.ActiveCfg = Release|Any CPU
		{F27DFE69-9318-42A3-BAC9-22CDD70E6D14}.Debug|Any CPU.ActiveCfg = Debug|Any CPU
		{F27DFE69-9318-42A3-BAC9-22CDD70E6D14}.Debug|Any CPU.Build.0 = Debug|Any CPU
		{F27DFE69-9318-42A3-BAC9-22CDD70E6D14}.Debug|ARM.ActiveCfg = Debug|Any CPU
		{F27DFE69-9318-42A3-BAC9-22CDD70E6D14}.Debug|iPhone.ActiveCfg = Debug|Any CPU
		{F27DFE69-9318-42A3-BAC9-22CDD70E6D14}.Debug|iPhoneSimulator.ActiveCfg = Debug|Any CPU
		{F27DFE69-9318-42A3-BAC9-22CDD70E6D14}.Debug|Mixed Platforms.ActiveCfg = Debug|Any CPU
		{F27DFE69-9318-42A3-BAC9-22CDD70E6D14}.Debug|Mixed Platforms.Build.0 = Debug|Any CPU
		{F27DFE69-9318-42A3-BAC9-22CDD70E6D14}.Debug|x86.ActiveCfg = Debug|Any CPU
		{F27DFE69-9318-42A3-BAC9-22CDD70E6D14}.Release|Any CPU.ActiveCfg = Release|Any CPU
		{F27DFE69-9318-42A3-BAC9-22CDD70E6D14}.Release|Any CPU.Build.0 = Release|Any CPU
		{F27DFE69-9318-42A3-BAC9-22CDD70E6D14}.Release|ARM.ActiveCfg = Release|Any CPU
		{F27DFE69-9318-42A3-BAC9-22CDD70E6D14}.Release|iPhone.ActiveCfg = Release|Any CPU
		{F27DFE69-9318-42A3-BAC9-22CDD70E6D14}.Release|iPhoneSimulator.ActiveCfg = Release|Any CPU
		{F27DFE69-9318-42A3-BAC9-22CDD70E6D14}.Release|Mixed Platforms.ActiveCfg = Release|Any CPU
		{F27DFE69-9318-42A3-BAC9-22CDD70E6D14}.Release|Mixed Platforms.Build.0 = Release|Any CPU
		{F27DFE69-9318-42A3-BAC9-22CDD70E6D14}.Release|x86.ActiveCfg = Release|Any CPU
		{BB943291-51AC-4CD6-9D4B-308B236CD116}.Ad-Hoc|Any CPU.ActiveCfg = Ad-Hoc|iPhone
		{BB943291-51AC-4CD6-9D4B-308B236CD116}.Ad-Hoc|ARM.ActiveCfg = Ad-Hoc|iPhone
		{BB943291-51AC-4CD6-9D4B-308B236CD116}.Ad-Hoc|iPhone.ActiveCfg = Ad-Hoc|iPhone
		{BB943291-51AC-4CD6-9D4B-308B236CD116}.Ad-Hoc|iPhone.Build.0 = Ad-Hoc|iPhone
		{BB943291-51AC-4CD6-9D4B-308B236CD116}.Ad-Hoc|iPhoneSimulator.ActiveCfg = Ad-Hoc|iPhoneSimulator
		{BB943291-51AC-4CD6-9D4B-308B236CD116}.Ad-Hoc|iPhoneSimulator.Build.0 = Ad-Hoc|iPhoneSimulator
		{BB943291-51AC-4CD6-9D4B-308B236CD116}.Ad-Hoc|Mixed Platforms.ActiveCfg = Ad-Hoc|iPhone
		{BB943291-51AC-4CD6-9D4B-308B236CD116}.Ad-Hoc|Mixed Platforms.Build.0 = Ad-Hoc|iPhone
		{BB943291-51AC-4CD6-9D4B-308B236CD116}.Ad-Hoc|x86.ActiveCfg = Ad-Hoc|iPhone
		{BB943291-51AC-4CD6-9D4B-308B236CD116}.AppStore|Any CPU.ActiveCfg = AppStore|iPhone
		{BB943291-51AC-4CD6-9D4B-308B236CD116}.AppStore|ARM.ActiveCfg = AppStore|iPhone
		{BB943291-51AC-4CD6-9D4B-308B236CD116}.AppStore|iPhone.ActiveCfg = AppStore|iPhone
		{BB943291-51AC-4CD6-9D4B-308B236CD116}.AppStore|iPhone.Build.0 = AppStore|iPhone
		{BB943291-51AC-4CD6-9D4B-308B236CD116}.AppStore|iPhoneSimulator.ActiveCfg = AppStore|iPhoneSimulator
		{BB943291-51AC-4CD6-9D4B-308B236CD116}.AppStore|iPhoneSimulator.Build.0 = AppStore|iPhoneSimulator
		{BB943291-51AC-4CD6-9D4B-308B236CD116}.AppStore|Mixed Platforms.ActiveCfg = AppStore|iPhone
		{BB943291-51AC-4CD6-9D4B-308B236CD116}.AppStore|Mixed Platforms.Build.0 = AppStore|iPhone
		{BB943291-51AC-4CD6-9D4B-308B236CD116}.AppStore|x86.ActiveCfg = AppStore|iPhone
		{BB943291-51AC-4CD6-9D4B-308B236CD116}.Debug|Any CPU.ActiveCfg = Debug|iPhone
		{BB943291-51AC-4CD6-9D4B-308B236CD116}.Debug|ARM.ActiveCfg = Debug|iPhone
		{BB943291-51AC-4CD6-9D4B-308B236CD116}.Debug|iPhone.ActiveCfg = Debug|iPhone
		{BB943291-51AC-4CD6-9D4B-308B236CD116}.Debug|iPhone.Build.0 = Debug|iPhone
		{BB943291-51AC-4CD6-9D4B-308B236CD116}.Debug|iPhoneSimulator.ActiveCfg = Debug|iPhoneSimulator
		{BB943291-51AC-4CD6-9D4B-308B236CD116}.Debug|iPhoneSimulator.Build.0 = Debug|iPhoneSimulator
		{BB943291-51AC-4CD6-9D4B-308B236CD116}.Debug|Mixed Platforms.ActiveCfg = Debug|iPhone
		{BB943291-51AC-4CD6-9D4B-308B236CD116}.Debug|Mixed Platforms.Build.0 = Debug|iPhone
		{BB943291-51AC-4CD6-9D4B-308B236CD116}.Debug|x86.ActiveCfg = Debug|iPhone
		{BB943291-51AC-4CD6-9D4B-308B236CD116}.Release|Any CPU.ActiveCfg = Release|iPhone
		{BB943291-51AC-4CD6-9D4B-308B236CD116}.Release|ARM.ActiveCfg = Release|iPhone
		{BB943291-51AC-4CD6-9D4B-308B236CD116}.Release|iPhone.ActiveCfg = Release|iPhone
		{BB943291-51AC-4CD6-9D4B-308B236CD116}.Release|iPhone.Build.0 = Release|iPhone
		{BB943291-51AC-4CD6-9D4B-308B236CD116}.Release|iPhoneSimulator.ActiveCfg = Release|iPhoneSimulator
		{BB943291-51AC-4CD6-9D4B-308B236CD116}.Release|iPhoneSimulator.Build.0 = Release|iPhoneSimulator
		{BB943291-51AC-4CD6-9D4B-308B236CD116}.Release|Mixed Platforms.ActiveCfg = Release|iPhone
		{BB943291-51AC-4CD6-9D4B-308B236CD116}.Release|Mixed Platforms.Build.0 = Release|iPhone
		{BB943291-51AC-4CD6-9D4B-308B236CD116}.Release|x86.ActiveCfg = Release|iPhone
		{0C4E9ECA-6812-429F-8A4B-D2D9BB86FB65}.Ad-Hoc|Any CPU.ActiveCfg = Release|Any CPU
		{0C4E9ECA-6812-429F-8A4B-D2D9BB86FB65}.Ad-Hoc|Any CPU.Build.0 = Release|Any CPU
		{0C4E9ECA-6812-429F-8A4B-D2D9BB86FB65}.Ad-Hoc|Any CPU.Deploy.0 = Release|Any CPU
		{0C4E9ECA-6812-429F-8A4B-D2D9BB86FB65}.Ad-Hoc|ARM.ActiveCfg = Release|Any CPU
		{0C4E9ECA-6812-429F-8A4B-D2D9BB86FB65}.Ad-Hoc|iPhone.ActiveCfg = Release|Any CPU
		{0C4E9ECA-6812-429F-8A4B-D2D9BB86FB65}.Ad-Hoc|iPhoneSimulator.ActiveCfg = Release|Any CPU
		{0C4E9ECA-6812-429F-8A4B-D2D9BB86FB65}.Ad-Hoc|Mixed Platforms.ActiveCfg = Release|Any CPU
		{0C4E9ECA-6812-429F-8A4B-D2D9BB86FB65}.Ad-Hoc|Mixed Platforms.Build.0 = Release|Any CPU
		{0C4E9ECA-6812-429F-8A4B-D2D9BB86FB65}.Ad-Hoc|Mixed Platforms.Deploy.0 = Release|Any CPU
		{0C4E9ECA-6812-429F-8A4B-D2D9BB86FB65}.Ad-Hoc|x86.ActiveCfg = Release|Any CPU
		{0C4E9ECA-6812-429F-8A4B-D2D9BB86FB65}.AppStore|Any CPU.ActiveCfg = Release|Any CPU
		{0C4E9ECA-6812-429F-8A4B-D2D9BB86FB65}.AppStore|Any CPU.Build.0 = Release|Any CPU
		{0C4E9ECA-6812-429F-8A4B-D2D9BB86FB65}.AppStore|Any CPU.Deploy.0 = Release|Any CPU
		{0C4E9ECA-6812-429F-8A4B-D2D9BB86FB65}.AppStore|ARM.ActiveCfg = Release|Any CPU
		{0C4E9ECA-6812-429F-8A4B-D2D9BB86FB65}.AppStore|iPhone.ActiveCfg = Release|Any CPU
		{0C4E9ECA-6812-429F-8A4B-D2D9BB86FB65}.AppStore|iPhoneSimulator.ActiveCfg = Release|Any CPU
		{0C4E9ECA-6812-429F-8A4B-D2D9BB86FB65}.AppStore|Mixed Platforms.ActiveCfg = Release|Any CPU
		{0C4E9ECA-6812-429F-8A4B-D2D9BB86FB65}.AppStore|Mixed Platforms.Build.0 = Release|Any CPU
		{0C4E9ECA-6812-429F-8A4B-D2D9BB86FB65}.AppStore|Mixed Platforms.Deploy.0 = Release|Any CPU
		{0C4E9ECA-6812-429F-8A4B-D2D9BB86FB65}.AppStore|x86.ActiveCfg = Release|Any CPU
		{0C4E9ECA-6812-429F-8A4B-D2D9BB86FB65}.Debug|Any CPU.ActiveCfg = Debug|Any CPU
		{0C4E9ECA-6812-429F-8A4B-D2D9BB86FB65}.Debug|Any CPU.Build.0 = Debug|Any CPU
		{0C4E9ECA-6812-429F-8A4B-D2D9BB86FB65}.Debug|Any CPU.Deploy.0 = Debug|Any CPU
		{0C4E9ECA-6812-429F-8A4B-D2D9BB86FB65}.Debug|ARM.ActiveCfg = Debug|Any CPU
		{0C4E9ECA-6812-429F-8A4B-D2D9BB86FB65}.Debug|iPhone.ActiveCfg = Debug|Any CPU
		{0C4E9ECA-6812-429F-8A4B-D2D9BB86FB65}.Debug|iPhoneSimulator.ActiveCfg = Debug|Any CPU
		{0C4E9ECA-6812-429F-8A4B-D2D9BB86FB65}.Debug|Mixed Platforms.ActiveCfg = Debug|Any CPU
		{0C4E9ECA-6812-429F-8A4B-D2D9BB86FB65}.Debug|Mixed Platforms.Build.0 = Debug|Any CPU
		{0C4E9ECA-6812-429F-8A4B-D2D9BB86FB65}.Debug|Mixed Platforms.Deploy.0 = Debug|Any CPU
		{0C4E9ECA-6812-429F-8A4B-D2D9BB86FB65}.Debug|x86.ActiveCfg = Debug|Any CPU
		{0C4E9ECA-6812-429F-8A4B-D2D9BB86FB65}.Release|Any CPU.ActiveCfg = Release|Any CPU
		{0C4E9ECA-6812-429F-8A4B-D2D9BB86FB65}.Release|Any CPU.Build.0 = Release|Any CPU
		{0C4E9ECA-6812-429F-8A4B-D2D9BB86FB65}.Release|Any CPU.Deploy.0 = Release|Any CPU
		{0C4E9ECA-6812-429F-8A4B-D2D9BB86FB65}.Release|ARM.ActiveCfg = Release|Any CPU
		{0C4E9ECA-6812-429F-8A4B-D2D9BB86FB65}.Release|iPhone.ActiveCfg = Release|Any CPU
		{0C4E9ECA-6812-429F-8A4B-D2D9BB86FB65}.Release|iPhoneSimulator.ActiveCfg = Release|Any CPU
		{0C4E9ECA-6812-429F-8A4B-D2D9BB86FB65}.Release|Mixed Platforms.ActiveCfg = Release|Any CPU
		{0C4E9ECA-6812-429F-8A4B-D2D9BB86FB65}.Release|Mixed Platforms.Build.0 = Release|Any CPU
		{0C4E9ECA-6812-429F-8A4B-D2D9BB86FB65}.Release|Mixed Platforms.Deploy.0 = Release|Any CPU
		{0C4E9ECA-6812-429F-8A4B-D2D9BB86FB65}.Release|x86.ActiveCfg = Release|Any CPU
		{6C9D2E52-A091-413F-B550-CD7E07F62232}.Ad-Hoc|Any CPU.ActiveCfg = Release|Any CPU
		{6C9D2E52-A091-413F-B550-CD7E07F62232}.Ad-Hoc|Any CPU.Build.0 = Release|Any CPU
		{6C9D2E52-A091-413F-B550-CD7E07F62232}.Ad-Hoc|Any CPU.Deploy.0 = Release|Any CPU
		{6C9D2E52-A091-413F-B550-CD7E07F62232}.Ad-Hoc|ARM.ActiveCfg = Release|ARM
		{6C9D2E52-A091-413F-B550-CD7E07F62232}.Ad-Hoc|ARM.Build.0 = Release|ARM
		{6C9D2E52-A091-413F-B550-CD7E07F62232}.Ad-Hoc|ARM.Deploy.0 = Release|ARM
		{6C9D2E52-A091-413F-B550-CD7E07F62232}.Ad-Hoc|iPhone.ActiveCfg = Release|Any CPU
		{6C9D2E52-A091-413F-B550-CD7E07F62232}.Ad-Hoc|iPhoneSimulator.ActiveCfg = Release|Any CPU
		{6C9D2E52-A091-413F-B550-CD7E07F62232}.Ad-Hoc|Mixed Platforms.ActiveCfg = Release|x86
		{6C9D2E52-A091-413F-B550-CD7E07F62232}.Ad-Hoc|Mixed Platforms.Build.0 = Release|x86
		{6C9D2E52-A091-413F-B550-CD7E07F62232}.Ad-Hoc|Mixed Platforms.Deploy.0 = Release|x86
		{6C9D2E52-A091-413F-B550-CD7E07F62232}.Ad-Hoc|x86.ActiveCfg = Release|x86
		{6C9D2E52-A091-413F-B550-CD7E07F62232}.Ad-Hoc|x86.Build.0 = Release|x86
		{6C9D2E52-A091-413F-B550-CD7E07F62232}.Ad-Hoc|x86.Deploy.0 = Release|x86
		{6C9D2E52-A091-413F-B550-CD7E07F62232}.AppStore|Any CPU.ActiveCfg = Release|Any CPU
		{6C9D2E52-A091-413F-B550-CD7E07F62232}.AppStore|Any CPU.Build.0 = Release|Any CPU
		{6C9D2E52-A091-413F-B550-CD7E07F62232}.AppStore|Any CPU.Deploy.0 = Release|Any CPU
		{6C9D2E52-A091-413F-B550-CD7E07F62232}.AppStore|ARM.ActiveCfg = Release|ARM
		{6C9D2E52-A091-413F-B550-CD7E07F62232}.AppStore|ARM.Build.0 = Release|ARM
		{6C9D2E52-A091-413F-B550-CD7E07F62232}.AppStore|ARM.Deploy.0 = Release|ARM
		{6C9D2E52-A091-413F-B550-CD7E07F62232}.AppStore|iPhone.ActiveCfg = Release|Any CPU
		{6C9D2E52-A091-413F-B550-CD7E07F62232}.AppStore|iPhoneSimulator.ActiveCfg = Release|Any CPU
		{6C9D2E52-A091-413F-B550-CD7E07F62232}.AppStore|Mixed Platforms.ActiveCfg = Release|x86
		{6C9D2E52-A091-413F-B550-CD7E07F62232}.AppStore|Mixed Platforms.Build.0 = Release|x86
		{6C9D2E52-A091-413F-B550-CD7E07F62232}.AppStore|Mixed Platforms.Deploy.0 = Release|x86
		{6C9D2E52-A091-413F-B550-CD7E07F62232}.AppStore|x86.ActiveCfg = Release|x86
		{6C9D2E52-A091-413F-B550-CD7E07F62232}.AppStore|x86.Build.0 = Release|x86
		{6C9D2E52-A091-413F-B550-CD7E07F62232}.AppStore|x86.Deploy.0 = Release|x86
		{6C9D2E52-A091-413F-B550-CD7E07F62232}.Debug|Any CPU.ActiveCfg = Debug|Any CPU
		{6C9D2E52-A091-413F-B550-CD7E07F62232}.Debug|Any CPU.Build.0 = Debug|Any CPU
		{6C9D2E52-A091-413F-B550-CD7E07F62232}.Debug|Any CPU.Deploy.0 = Debug|Any CPU
		{6C9D2E52-A091-413F-B550-CD7E07F62232}.Debug|ARM.ActiveCfg = Debug|ARM
		{6C9D2E52-A091-413F-B550-CD7E07F62232}.Debug|ARM.Build.0 = Debug|ARM
		{6C9D2E52-A091-413F-B550-CD7E07F62232}.Debug|ARM.Deploy.0 = Debug|ARM
		{6C9D2E52-A091-413F-B550-CD7E07F62232}.Debug|iPhone.ActiveCfg = Debug|Any CPU
		{6C9D2E52-A091-413F-B550-CD7E07F62232}.Debug|iPhoneSimulator.ActiveCfg = Debug|Any CPU
		{6C9D2E52-A091-413F-B550-CD7E07F62232}.Debug|Mixed Platforms.ActiveCfg = Debug|x86
		{6C9D2E52-A091-413F-B550-CD7E07F62232}.Debug|Mixed Platforms.Build.0 = Debug|x86
		{6C9D2E52-A091-413F-B550-CD7E07F62232}.Debug|Mixed Platforms.Deploy.0 = Debug|x86
		{6C9D2E52-A091-413F-B550-CD7E07F62232}.Debug|x86.ActiveCfg = Debug|x86
		{6C9D2E52-A091-413F-B550-CD7E07F62232}.Debug|x86.Build.0 = Debug|x86
		{6C9D2E52-A091-413F-B550-CD7E07F62232}.Debug|x86.Deploy.0 = Debug|x86
		{6C9D2E52-A091-413F-B550-CD7E07F62232}.Release|Any CPU.ActiveCfg = Release|Any CPU
		{6C9D2E52-A091-413F-B550-CD7E07F62232}.Release|Any CPU.Build.0 = Release|Any CPU
		{6C9D2E52-A091-413F-B550-CD7E07F62232}.Release|Any CPU.Deploy.0 = Release|Any CPU
		{6C9D2E52-A091-413F-B550-CD7E07F62232}.Release|ARM.ActiveCfg = Release|ARM
		{6C9D2E52-A091-413F-B550-CD7E07F62232}.Release|ARM.Build.0 = Release|ARM
		{6C9D2E52-A091-413F-B550-CD7E07F62232}.Release|ARM.Deploy.0 = Release|ARM
		{6C9D2E52-A091-413F-B550-CD7E07F62232}.Release|iPhone.ActiveCfg = Release|Any CPU
		{6C9D2E52-A091-413F-B550-CD7E07F62232}.Release|iPhoneSimulator.ActiveCfg = Release|Any CPU
		{6C9D2E52-A091-413F-B550-CD7E07F62232}.Release|Mixed Platforms.ActiveCfg = Release|x86
		{6C9D2E52-A091-413F-B550-CD7E07F62232}.Release|Mixed Platforms.Build.0 = Release|x86
		{6C9D2E52-A091-413F-B550-CD7E07F62232}.Release|Mixed Platforms.Deploy.0 = Release|x86
		{6C9D2E52-A091-413F-B550-CD7E07F62232}.Release|x86.ActiveCfg = Release|x86
		{6C9D2E52-A091-413F-B550-CD7E07F62232}.Release|x86.Build.0 = Release|x86
		{6C9D2E52-A091-413F-B550-CD7E07F62232}.Release|x86.Deploy.0 = Release|x86
	EndGlobalSection
	GlobalSection(SolutionProperties) = preSolution
		HideSolutionNode = FALSE
	EndGlobalSection
EndGlobal
